<?xml version="1.0" encoding="utf-8"?>
<Project ToolsVersion="4.0" xmlns="http://schemas.microsoft.com/developer/msbuild/2003">
  <ItemGroup>
    <Filter Include="Source Files">
      <UniqueIdentifier>{4FC737F1-C7A5-4376-A066-2A32D752A2FF}</UniqueIdentifier>
      <Extensions>cpp;c;cc;cxx;def;odl;idl;hpj;bat;asm;asmx</Extensions>
    </Filter>
    <Filter Include="Header Files">
      <UniqueIdentifier>{93995380-89BD-4b04-88EB-625FBE52EBFB}</UniqueIdentifier>
      <Extensions>h;hh;hpp;hxx;hm;inl;inc;ipp;xsd</Extensions>
    </Filter>
    <Filter Include="Resource Files">
      <UniqueIdentifier>{67DA6AB6-F800-4c08-8B7A-83BB121AAD01}</UniqueIdentifier>
      <Extensions>rc;ico;cur;bmp;dlg;rc2;rct;bin;rgs;gif;jpg;jpeg;jpe;resx;tiff;tif;png;wav;mfcribbon-ms</Extensions>
    </Filter>
  </ItemGroup>
  <ItemGroup>
    <ClInclude Include="InformationModelTest.h">
      <Filter>Header Files</Filter>
    </ClInclude>
    <ClInclude Include="OPCUA-Modeller\blueprint.h">
      <Filter>Header Files</Filter>
    </ClInclude>
    <ClInclude Include="OPCUA-Modeller\device.h">
      <Filter>Header Files</Filter>
    </ClInclude>
    <ClInclude Include="OPCUA-Modeller\deviceElement.h">
      <Filter>Header Files</Filter>
    </ClInclude>
    <ClInclude Include="OPCUA-Modeller\deviceElementGroup.h">
      <Filter>Header Files</Filter>
    </ClInclude>
    <ClInclude Include="OPCUA-Modeller\deviceFunction.h">
      <Filter>Header Files</Filter>
    </ClInclude>
    <ClInclude Include="OPCUA-Modeller\deviceFunctionParameter.h">
      <Filter>Header Files</Filter>
    </ClInclude>
    <ClInclude Include="OPCUA-Modeller\deviceMetric.h">
      <Filter>Header Files</Filter>
    </ClInclude>
    <ClInclude Include="OPCUA-Modeller\namedElement.h">
      <Filter>Header Files</Filter>
    </ClInclude>
    <ClInclude Include="OPCUA-Modeller\valueDataType.h">
      <Filter>Header Files</Filter>
    </ClInclude>
    <ClInclude Include="OPCUA-Modeller\opcua_modeller.hpp">
      <Filter>Header Files</Filter>
    </ClInclude>
    <ClInclude Include="OPCUA-Modeller\informationModelExceptions.h">
      <Filter>Header Files</Filter>
    </ClInclude>
  </ItemGroup>
  <ItemGroup>
    <ClCompile Include="OPC-UA-Test.cpp">
      <Filter>Source Files</Filter>
    </ClCompile>
    <ClCompile Include="OPCUA-Modeller\deviceElementGroup.cpp">
      <Filter>Source Files</Filter>
    </ClCompile>
    <ClCompile Include="InformationModelTest.cpp">
      <Filter>Source Files</Filter>
    </ClCompile>
    <ClCompile Include="OPCUA-Modeller\deviceElement.cpp">
      <Filter>Source Files</Filter>
    </ClCompile>
    <ClCompile Include="OPCUA-Modeller\blueprint.cpp">
      <Filter>Source Files</Filter>
    </ClCompile>
    <ClCompile Include="OPCUA-Modeller\device.cpp">
      <Filter>Source Files</Filter>
    </ClCompile>
    <ClCompile Include="OPCUA-Modeller\deviceFunction.cpp">
      <Filter>Source Files</Filter>
    </ClCompile>
    <ClCompile Include="OPCUA-Modeller\deviceFunctionParameter.cpp">
      <Filter>Source Files</Filter>
    </ClCompile>
    <ClCompile Include="OPCUA-Modeller\valueDataType.cpp">
      <Filter>Source Files</Filter>
    </ClCompile>
    <ClCompile Include="OPCUA-Modeller\deviceMetric.cpp">
      <Filter>Source Files</Filter>
    </ClCompile>
    <ClCompile Include="OPCUA-Modeller\writeableMetric.cpp">
      <Filter>Source Files</Filter>
    </ClCompile>
    <ClCompile Include="OPCUA-Modeller\observableMetric.cpp">
      <Filter>Source Files</Filter>
    </ClCompile>
    <ClCompile Include="OPCUA-Modeller\namedElement.cpp">
      <Filter>Source Files</Filter>
    </ClCompile>
    <ClCompile Include="OPCUA-Modeller\informationModelExceptions.cpp">
      <Filter>Source Files</Filter>
    </ClCompile>
  </ItemGroup>
</Project>